
Microsoft Visual Studio Solution File, Format Version 12.00
# Visual Studio Version 16
VisualStudioVersion = 16.0.33801.447
MinimumVisualStudioVersion = 10.0.40219.1
Project("{FAE04EC0-301F-11D3-BF4B-00C04F79EFBC}") = "ConsoleApp1_Assignment01updates", "ConsoleApp1\ConsoleApp1_Assignment01updates.csproj", "{EC300AE3-B1A3-4A5D-B57A-DC923D5A5D36}"
EndProject
Global
	GlobalSection(SolutionConfigurationPlatforms) = preSolution
		Debug|Any CPU = Debug|Any CPU
		Release|Any CPU = Release|Any CPU
	EndGlobalSection
	GlobalSection(ProjectConfigurationPlatforms) = postSolution
		{EC300AE3-B1A3-4A5D-B57A-DC923D5A5D36}.Debug|Any CPU.ActiveCfg = Debug|Any CPU
		{EC300AE3-B1A3-4A5D-B57A-DC923D5A5D36}.Debug|Any CPU.Build.0 = Debug|Any CPU
		{EC300AE3-B1A3-4A5D-B57A-DC923D5A5D36}.Release|Any CPU.ActiveCfg = Release|Any CPU
		{EC300AE3-B1A3-4A5D-B57A-DC923D5A5D36}.Release|Any CPU.Build.0 = Release|Any CPU
	EndGlobalSection
	GlobalSection(SolutionProperties) = preSolution
		HideSolutionNode = FALSE
	EndGlobalSection
	GlobalSection(ExtensibilityGlobals) = postSolution
		SolutionGuid = {C773F367-F41C-4298-8092-6A2E0D3F1535}
	EndGlobalSection
EndGlobal
